{
  "name": "terminal-shooter",
  "version": "1.0.0",
  "lockfileVersion": 3,
  "requires": true,
  "packages": {
    "": {
      "name": "terminal-shooter",
      "version": "1.0.0",
      "license": "MIT",
      "bin": {
        "terminal-shooter": "bin/terminal-shooter.js"
      },
      "engines": {
        "node": ">=20"
      }
    }
  }
}
